
Microsoft Visual Studio Solution File, Format Version 12.00
# Visual Studio Version 17
VisualStudioVersion = 17.0.32126.317
MinimumVisualStudioVersion = 10.0.40219.1
Project("{FAE04EC0-301F-11D3-BF4B-00C04F79EFBC}") = "MyToDo", "MyToDo\MyToDo.csproj", "{49E36297-8E01-4408-ADCF-354C32CD6024}"
EndProject
Global
	GlobalSection(SolutionConfigurationPlatforms) = preSolution
		Debug|Any CPU = Debug|Any CPU
		Release|Any CPU = Release|Any CPU
	EndGlobalSection
	GlobalSection(ProjectConfigurationPlatforms) = postSolution
		{49E36297-8E01-4408-ADCF-354C32CD6024}.Debug|Any CPU.ActiveCfg = Debug|Any CPU
		{49E36297-8E01-4408-ADCF-354C32CD6024}.Debug|Any CPU.Build.0 = Debug|Any CPU
		{49E36297-8E01-4408-ADCF-354C32CD6024}.Release|Any CPU.ActiveCfg = Release|Any CPU
		{49E36297-8E01-4408-ADCF-354C32CD6024}.Release|Any CPU.Build.0 = Release|Any CPU
	EndGlobalSection
	GlobalSection(SolutionProperties) = preSolution
		HideSolutionNode = FALSE
	EndGlobalSection
	GlobalSection(ExtensibilityGlobals) = postSolution
		SolutionGuid = {C4418AC0-33BE-4C92-A901-032875A9087F}
	EndGlobalSection
EndGlobal
